// !$*UTF8*$!
{
	archiveVersion = 1;
	classes = {
	};
	objectVersion = 55;
	objects = {

/* Begin PBXBuildFile section */
		1F40D9A327F9C20F003A6776 /* RestoreFromTrashRequest.swift in Sources */ = {isa = PBXBuildFile; fileRef = 1F40D9A227F9C20E003A6776 /* RestoreFromTrashRequest.swift */; };
		1F40D9A527F9C292003A6776 /* TotalDeleteListRequest.swift in Sources */ = {isa = PBXBuildFile; fileRef = 1F40D9A427F9C292003A6776 /* TotalDeleteListRequest.swift */; };
		1F40D9A727F9EFB0003A6776 /* BoughtUpdateRequest.swift in Sources */ = {isa = PBXBuildFile; fileRef = 1F40D9A627F9EFB0003A6776 /* BoughtUpdateRequest.swift */; };
		1F672CAD27EB7C0900E4D6A6 /* AddListViewController.swift in Sources */ = {isa = PBXBuildFile; fileRef = 1F672CAC27EB7C0900E4D6A6 /* AddListViewController.swift */; };
		1F672CAF27EB863900E4D6A6 /* String+HexToColor.swift in Sources */ = {isa = PBXBuildFile; fileRef = 1F672CAE27EB863900E4D6A6 /* String+HexToColor.swift */; };
		1F672CB127EB91EC00E4D6A6 /* ListCellView.swift in Sources */ = {isa = PBXBuildFile; fileRef = 1F672CB027EB91EC00E4D6A6 /* ListCellView.swift */; };
		1F672CB327EB957B00E4D6A6 /* ProductsViewController.swift in Sources */ = {isa = PBXBuildFile; fileRef = 1F672CB227EB957B00E4D6A6 /* ProductsViewController.swift */; };
		1F672CB627ECCD6600E4D6A6 /* IconView.swift in Sources */ = {isa = PBXBuildFile; fileRef = 1F672CB527ECCD6600E4D6A6 /* IconView.swift */; };
		1F672CB827EE15B800E4D6A6 /* NewProductsCategoriesViewController.swift in Sources */ = {isa = PBXBuildFile; fileRef = 1F672CB727EE15B800E4D6A6 /* NewProductsCategoriesViewController.swift */; };
		1F672CBA27EE16AC00E4D6A6 /* productsjs.json in Resources */ = {isa = PBXBuildFile; fileRef = 1F672CB927EE16AC00E4D6A6 /* productsjs.json */; };
		1F672CBC27EE1A3800E4D6A6 /* ProductsBundle.swift in Sources */ = {isa = PBXBuildFile; fileRef = 1F672CBB27EE1A3700E4D6A6 /* ProductsBundle.swift */; };
		1F672CC227EE1B5F00E4D6A6 /* DataProvider.swift in Sources */ = {isa = PBXBuildFile; fileRef = 1F672CC127EE1B5F00E4D6A6 /* DataProvider.swift */; };
		1F672CC427EE1BDA00E4D6A6 /* BundleContentLoader.swift in Sources */ = {isa = PBXBuildFile; fileRef = 1F672CC327EE1BDA00E4D6A6 /* BundleContentLoader.swift */; };
		1F672CC627EE1FA100E4D6A6 /* NewProductViewController.swift in Sources */ = {isa = PBXBuildFile; fileRef = 1F672CC527EE1FA100E4D6A6 /* NewProductViewController.swift */; };
		1F672CC927EE287100E4D6A6 /* ProductViewCell.swift in Sources */ = {isa = PBXBuildFile; fileRef = 1F672CC827EE287100E4D6A6 /* ProductViewCell.swift */; };
		1F672CD627EE3BB700E4D6A6 /* Coordinator.swift in Sources */ = {isa = PBXBuildFile; fileRef = 1F672CD527EE3BB700E4D6A6 /* Coordinator.swift */; };
		1F672CD827EE3C1C00E4D6A6 /* MainCoordinator.swift in Sources */ = {isa = PBXBuildFile; fileRef = 1F672CD727EE3C1C00E4D6A6 /* MainCoordinator.swift */; };
		1F672CDC27EE504800E4D6A6 /* AuthCoordinator.swift in Sources */ = {isa = PBXBuildFile; fileRef = 1F672CDB27EE504800E4D6A6 /* AuthCoordinator.swift */; };
		1F672CDE27EE505100E4D6A6 /* TabBarCoordinator.swift in Sources */ = {isa = PBXBuildFile; fileRef = 1F672CDD27EE505100E4D6A6 /* TabBarCoordinator.swift */; };
		1F672CE027EF251B00E4D6A6 /* TabBarPage.swift in Sources */ = {isa = PBXBuildFile; fileRef = 1F672CDF27EF251B00E4D6A6 /* TabBarPage.swift */; };
		1F672CE427EF2FC700E4D6A6 /* WelcomeViewModel.swift in Sources */ = {isa = PBXBuildFile; fileRef = 1F672CE327EF2FC700E4D6A6 /* WelcomeViewModel.swift */; };
		1F672CE727EF337600E4D6A6 /* SignUpViewModel.swift in Sources */ = {isa = PBXBuildFile; fileRef = 1F672CE627EF337600E4D6A6 /* SignUpViewModel.swift */; };
		1F672CE927EF346A00E4D6A6 /* SignInViewModel.swift in Sources */ = {isa = PBXBuildFile; fileRef = 1F672CE827EF346A00E4D6A6 /* SignInViewModel.swift */; };
		1F672CED27EF49F600E4D6A6 /* ProductListResponse.swift in Sources */ = {isa = PBXBuildFile; fileRef = 1F672CEC27EF49F600E4D6A6 /* ProductListResponse.swift */; };
		1F672CEF27EF4BDB00E4D6A6 /* DataRequest.swift in Sources */ = {isa = PBXBuildFile; fileRef = 1F672CEE27EF4BDB00E4D6A6 /* DataRequest.swift */; };
		1F672CF127EF4C2F00E4D6A6 /* NetworkService.swift in Sources */ = {isa = PBXBuildFile; fileRef = 1F672CF027EF4C2F00E4D6A6 /* NetworkService.swift */; };
		1F672CFB27EF777100E4D6A6 /* ListsCoordinator.swift in Sources */ = {isa = PBXBuildFile; fileRef = 1F672CFA27EF777100E4D6A6 /* ListsCoordinator.swift */; };
		1F672CFD27EF77E700E4D6A6 /* ListsViewModel.swift in Sources */ = {isa = PBXBuildFile; fileRef = 1F672CFC27EF77E700E4D6A6 /* ListsViewModel.swift */; };
		1F672D0227EF7AB600E4D6A6 /* AddListViewModel.swift in Sources */ = {isa = PBXBuildFile; fileRef = 1F672D0127EF7AB600E4D6A6 /* AddListViewModel.swift */; };
		1F672D0427EF8D7400E4D6A6 /* AuthenticationService.swift in Sources */ = {isa = PBXBuildFile; fileRef = 1F672D0327EF8D7400E4D6A6 /* AuthenticationService.swift */; };
		1F672D0627EF8DE400E4D6A6 /* TokenManager.swift in Sources */ = {isa = PBXBuildFile; fileRef = 1F672D0527EF8DE400E4D6A6 /* TokenManager.swift */; };
		1F672D0827EF8E6500E4D6A6 /* User.swift in Sources */ = {isa = PBXBuildFile; fileRef = 1F672D0727EF8E6500E4D6A6 /* User.swift */; };
		1F672D0B27EF986A00E4D6A6 /* WhatToBuyApp.xcdatamodeld in Sources */ = {isa = PBXBuildFile; fileRef = 1F672D0927EF986A00E4D6A6 /* WhatToBuyApp.xcdatamodeld */; };
		1F672D0E27EF992700E4D6A6 /* ListIcon.swift in Sources */ = {isa = PBXBuildFile; fileRef = 1F672D0D27EF992700E4D6A6 /* ListIcon.swift */; };
		1F672D1027EF993600E4D6A6 /* ListColor.swift in Sources */ = {isa = PBXBuildFile; fileRef = 1F672D0F27EF993600E4D6A6 /* ListColor.swift */; };
		1F672D1227EF9AC500E4D6A6 /* CoreDataManager.swift in Sources */ = {isa = PBXBuildFile; fileRef = 1F672D1127EF9AC500E4D6A6 /* CoreDataManager.swift */; };
		1F672D1627EF9EB600E4D6A6 /* ProductList.swift in Sources */ = {isa = PBXBuildFile; fileRef = 1F672D1527EF9EB600E4D6A6 /* ProductList.swift */; };
		1F672D1827EFA1F000E4D6A6 /* PickerSelection.swift in Sources */ = {isa = PBXBuildFile; fileRef = 1F672D1727EFA1F000E4D6A6 /* PickerSelection.swift */; };
		1F672D1A27EFA72700E4D6A6 /* ListCellViewModel.swift in Sources */ = {isa = PBXBuildFile; fileRef = 1F672D1927EFA72700E4D6A6 /* ListCellViewModel.swift */; };
		1F672D2427EFB58C00E4D6A6 /* ProductMO+CoreDataClass.swift in Sources */ = {isa = PBXBuildFile; fileRef = 1F672D2027EFB58C00E4D6A6 /* ProductMO+CoreDataClass.swift */; };
		1F672D2527EFB58C00E4D6A6 /* ProductMO+CoreDataProperties.swift in Sources */ = {isa = PBXBuildFile; fileRef = 1F672D2127EFB58C00E4D6A6 /* ProductMO+CoreDataProperties.swift */; };
		1F672D2627EFB58C00E4D6A6 /* ProductListMO+CoreDataClass.swift in Sources */ = {isa = PBXBuildFile; fileRef = 1F672D2227EFB58C00E4D6A6 /* ProductListMO+CoreDataClass.swift */; };
		1F672D2727EFB58C00E4D6A6 /* ProductListMO+CoreDataProperties.swift in Sources */ = {isa = PBXBuildFile; fileRef = 1F672D2327EFB58C00E4D6A6 /* ProductListMO+CoreDataProperties.swift */; };
		1F672D2A27EFB9AE00E4D6A6 /* ProductResponse.swift in Sources */ = {isa = PBXBuildFile; fileRef = 1F672D2927EFB9AE00E4D6A6 /* ProductResponse.swift */; };
		1F672D2C27EFB9BD00E4D6A6 /* Product.swift in Sources */ = {isa = PBXBuildFile; fileRef = 1F672D2B27EFB9BD00E4D6A6 /* Product.swift */; };
		1F672D3027F077AA00E4D6A6 /* ProductsViewModel.swift in Sources */ = {isa = PBXBuildFile; fileRef = 1F672D2F27F077AA00E4D6A6 /* ProductsViewModel.swift */; };
		1F672D3227F08DFF00E4D6A6 /* NewProductViewModel.swift in Sources */ = {isa = PBXBuildFile; fileRef = 1F672D3127F08DFF00E4D6A6 /* NewProductViewModel.swift */; };
		1F672D3627F0940500E4D6A6 /* NewProductsCategoriesViewModel.swift in Sources */ = {isa = PBXBuildFile; fileRef = 1F672D3527F0940500E4D6A6 /* NewProductsCategoriesViewModel.swift */; };
		1F672D3827F0C8F200E4D6A6 /* NewProductCellView.swift in Sources */ = {isa = PBXBuildFile; fileRef = 1F672D3727F0C8F200E4D6A6 /* NewProductCellView.swift */; };
		1F672D3A27F0D46500E4D6A6 /* NewProductCellViewModel.swift in Sources */ = {isa = PBXBuildFile; fileRef = 1F672D3927F0D46500E4D6A6 /* NewProductCellViewModel.swift */; };
		1F672D3F27F0E2B000E4D6A6 /* UIViewController+HidingKeyboard.swift in Sources */ = {isa = PBXBuildFile; fileRef = 1F672D3E27F0E2B000E4D6A6 /* UIViewController+HidingKeyboard.swift */; };
		1F672D4427F2051700E4D6A6 /* SignUpDataRequest.swift in Sources */ = {isa = PBXBuildFile; fileRef = 1F672D4327F2051700E4D6A6 /* SignUpDataRequest.swift */; };
		1F672D4727F21F2400E4D6A6 /* UIViewController+Alert.swift in Sources */ = {isa = PBXBuildFile; fileRef = 1F672D4627F21F2400E4D6A6 /* UIViewController+Alert.swift */; };
		1F672D4927F2218D00E4D6A6 /* SignInDataRequest.swift in Sources */ = {isa = PBXBuildFile; fileRef = 1F672D4827F2218D00E4D6A6 /* SignInDataRequest.swift */; };
		1F672D4B27F2240D00E4D6A6 /* AuthResponse.swift in Sources */ = {isa = PBXBuildFile; fileRef = 1F672D4A27F2240D00E4D6A6 /* AuthResponse.swift */; };
		1F672D4E27F22E0B00E4D6A6 /* NewProductCoordinator.swift in Sources */ = {isa = PBXBuildFile; fileRef = 1F672D4D27F22E0B00E4D6A6 /* NewProductCoordinator.swift */; };
		1F672D5027F231BB00E4D6A6 /* Observable.swift in Sources */ = {isa = PBXBuildFile; fileRef = 1F672D4F27F231BB00E4D6A6 /* Observable.swift */; };
		1F672D5227F23EA900E4D6A6 /* ProductCellViewModel.swift in Sources */ = {isa = PBXBuildFile; fileRef = 1F672D5127F23EA900E4D6A6 /* ProductCellViewModel.swift */; };
		1F672D5527F4AECC00E4D6A6 /* FetchListsRequest.swift in Sources */ = {isa = PBXBuildFile; fileRef = 1F672D5427F4AECC00E4D6A6 /* FetchListsRequest.swift */; };
		1F672D5727F4B93800E4D6A6 /* NewListRequest.swift in Sources */ = {isa = PBXBuildFile; fileRef = 1F672D5627F4B93800E4D6A6 /* NewListRequest.swift */; };
		1F672D5927F4B97800E4D6A6 /* NewListResponse.swift in Sources */ = {isa = PBXBuildFile; fileRef = 1F672D5827F4B97800E4D6A6 /* NewListResponse.swift */; };
		1F672D5C27F4C0DB00E4D6A6 /* FetchProductsRequest.swift in Sources */ = {isa = PBXBuildFile; fileRef = 1F672D5B27F4C0DB00E4D6A6 /* FetchProductsRequest.swift */; };
		1F672D5E27F4C2A200E4D6A6 /* NewProductRequest.swift in Sources */ = {isa = PBXBuildFile; fileRef = 1F672D5D27F4C2A200E4D6A6 /* NewProductRequest.swift */; };
		1F672D6027F4C74300E4D6A6 /* NewProductResponse.swift in Sources */ = {isa = PBXBuildFile; fileRef = 1F672D5F27F4C74300E4D6A6 /* NewProductResponse.swift */; };
		1F672D6227F4CDC300E4D6A6 /* DeleteProductRequest.swift in Sources */ = {isa = PBXBuildFile; fileRef = 1F672D6127F4CDC300E4D6A6 /* DeleteProductRequest.swift */; };
		1F672D6427F4CEB800E4D6A6 /* BasicResponse.swift in Sources */ = {isa = PBXBuildFile; fileRef = 1F672D6327F4CEB800E4D6A6 /* BasicResponse.swift */; };
		1F672D6627F4D98F00E4D6A6 /* RemoveToTrashRequest.swift in Sources */ = {isa = PBXBuildFile; fileRef = 1F672D6527F4D98F00E4D6A6 /* RemoveToTrashRequest.swift */; };
		1F672D6827F4DE6600E4D6A6 /* UIView+Spinner.swift in Sources */ = {isa = PBXBuildFile; fileRef = 1F672D6727F4DE6600E4D6A6 /* UIView+Spinner.swift */; };
		1F672D6A27F6031D00E4D6A6 /* TrashCoordinator.swift in Sources */ = {isa = PBXBuildFile; fileRef = 1F672D6927F6031D00E4D6A6 /* TrashCoordinator.swift */; };
		1F672D6C27F6035B00E4D6A6 /* TrashViewController.swift in Sources */ = {isa = PBXBuildFile; fileRef = 1F672D6B27F6035B00E4D6A6 /* TrashViewController.swift */; };
		1F672D6E27F603E500E4D6A6 /* TrashViewModel.swift in Sources */ = {isa = PBXBuildFile; fileRef = 1F672D6D27F603E500E4D6A6 /* TrashViewModel.swift */; };
		1F672D7227F606DE00E4D6A6 /* FetchRemovedListsRequest.swift in Sources */ = {isa = PBXBuildFile; fileRef = 1F672D7127F606DE00E4D6A6 /* FetchRemovedListsRequest.swift */; };
		1F672D9727F70BAF00E4D6A6 /* EditListView.swift in Sources */ = {isa = PBXBuildFile; fileRef = 1F672D9627F70BAF00E4D6A6 /* EditListView.swift */; };
		1F672D9927F70C4F00E4D6A6 /* EditListViewController.swift in Sources */ = {isa = PBXBuildFile; fileRef = 1F672D9827F70C4F00E4D6A6 /* EditListViewController.swift */; };
		1F672D9B27F70C9200E4D6A6 /* EditListViewModel.swift in Sources */ = {isa = PBXBuildFile; fileRef = 1F672D9A27F70C9200E4D6A6 /* EditListViewModel.swift */; };
		1F672D9D27F71B9000E4D6A6 /* UpdateProductListRequest.swift in Sources */ = {isa = PBXBuildFile; fileRef = 1F672D9C27F71B9000E4D6A6 /* UpdateProductListRequest.swift */; };
		1F672DA027F71CBA00E4D6A6 /* ProductListRequestBody.swift in Sources */ = {isa = PBXBuildFile; fileRef = 1F672D9F27F71CBA00E4D6A6 /* ProductListRequestBody.swift */; };
		1F672DA427F7257B00E4D6A6 /* EditProductViewController.swift in Sources */ = {isa = PBXBuildFile; fileRef = 1F672DA327F7257B00E4D6A6 /* EditProductViewController.swift */; };
		1F672DA627F746B300E4D6A6 /* CaseIterable+FindIndidexByValue.swift in Sources */ = {isa = PBXBuildFile; fileRef = 1F672DA527F746B300E4D6A6 /* CaseIterable+FindIndidexByValue.swift */; };
		1F672DA827F7498600E4D6A6 /* EditProductHeaderCell.swift in Sources */ = {isa = PBXBuildFile; fileRef = 1F672DA727F7498600E4D6A6 /* EditProductHeaderCell.swift */; };
		1F672DAA27F74B5B00E4D6A6 /* EditProductFieldsCell.swift in Sources */ = {isa = PBXBuildFile; fileRef = 1F672DA927F74B5B00E4D6A6 /* EditProductFieldsCell.swift */; };
		1F672DAC27F77A5C00E4D6A6 /* EditProductViewModel.swift in Sources */ = {isa = PBXBuildFile; fileRef = 1F672DAB27F77A5B00E4D6A6 /* EditProductViewModel.swift */; };
		1F672DAE27F77F0100E4D6A6 /* EditProductCellViewModel.swift in Sources */ = {isa = PBXBuildFile; fileRef = 1F672DAD27F77F0100E4D6A6 /* EditProductCellViewModel.swift */; };
		1F672DB027F7920A00E4D6A6 /* ProductRequestBody.swift in Sources */ = {isa = PBXBuildFile; fileRef = 1F672DAF27F7920A00E4D6A6 /* ProductRequestBody.swift */; };
		1F672DB227F7923D00E4D6A6 /* UpdateProductRequest.swift in Sources */ = {isa = PBXBuildFile; fileRef = 1F672DB127F7923D00E4D6A6 /* UpdateProductRequest.swift */; };
		1F672DB427F793EC00E4D6A6 /* ProductRequest.swift in Sources */ = {isa = PBXBuildFile; fileRef = 1F672DB327F793EC00E4D6A6 /* ProductRequest.swift */; };
		1F672DB827F7B16F00E4D6A6 /* InvitesViewController.swift in Sources */ = {isa = PBXBuildFile; fileRef = 1F672DB727F7B16F00E4D6A6 /* InvitesViewController.swift */; };
		1F672DBA27F890B900E4D6A6 /* InviteToListRequest.swift in Sources */ = {isa = PBXBuildFile; fileRef = 1F672DB927F890B900E4D6A6 /* InviteToListRequest.swift */; };
		1F672DBD27F8980400E4D6A6 /* InviteCellView.swift in Sources */ = {isa = PBXBuildFile; fileRef = 1F672DBC27F8980400E4D6A6 /* InviteCellView.swift */; };
		1F672DBF27F89C9100E4D6A6 /* InvitesViewModel.swift in Sources */ = {isa = PBXBuildFile; fileRef = 1F672DBE27F89C9000E4D6A6 /* InvitesViewModel.swift */; };
		1F672DC227F8B17500E4D6A6 /* InviteReseponse.swift in Sources */ = {isa = PBXBuildFile; fileRef = 1F672DC127F8B17500E4D6A6 /* InviteReseponse.swift */; };
		1F672DC427F8B18B00E4D6A6 /* Invite.swift in Sources */ = {isa = PBXBuildFile; fileRef = 1F672DC327F8B18B00E4D6A6 /* Invite.swift */; };
		1F672DC627F8B1CB00E4D6A6 /* FetchInvites.swift in Sources */ = {isa = PBXBuildFile; fileRef = 1F672DC527F8B1CB00E4D6A6 /* FetchInvites.swift */; };
		1F672DC827F8B3C400E4D6A6 /* InviteCellViewModel.swift in Sources */ = {isa = PBXBuildFile; fileRef = 1F672DC727F8B3C400E4D6A6 /* InviteCellViewModel.swift */; };
		1F672DCA27F8B8C100E4D6A6 /* AnswerInviteRequest.swift in Sources */ = {isa = PBXBuildFile; fileRef = 1F672DC927F8B8C100E4D6A6 /* AnswerInviteRequest.swift */; };
		1FD8C82927E8E10F005676CA /* AppDelegate.swift in Sources */ = {isa = PBXBuildFile; fileRef = 1FD8C82827E8E10F005676CA /* AppDelegate.swift */; };
		1FD8C82B27E8E10F005676CA /* SceneDelegate.swift in Sources */ = {isa = PBXBuildFile; fileRef = 1FD8C82A27E8E10F005676CA /* SceneDelegate.swift */; };
		1FD8C82D27E8E10F005676CA /* WelcomeViewController.swift in Sources */ = {isa = PBXBuildFile; fileRef = 1FD8C82C27E8E10F005676CA /* WelcomeViewController.swift */; };
		1FD8C83227E8E112005676CA /* Assets.xcassets in Resources */ = {isa = PBXBuildFile; fileRef = 1FD8C83127E8E112005676CA /* Assets.xcassets */; };
		1FD8C83527E8E112005676CA /* LaunchScreen.storyboard in Resources */ = {isa = PBXBuildFile; fileRef = 1FD8C83327E8E112005676CA /* LaunchScreen.storyboard */; };
		1FD8C83D27E8E7B6005676CA /* UIView+AddSubviews.swift in Sources */ = {isa = PBXBuildFile; fileRef = 1FD8C83C27E8E7B6005676CA /* UIView+AddSubviews.swift */; };
		1FD8C83F27E8EDAF005676CA /* SignUpViewController.swift in Sources */ = {isa = PBXBuildFile; fileRef = 1FD8C83E27E8EDAF005676CA /* SignUpViewController.swift */; };
		1FD8C84127E8F22D005676CA /* SignInViewController.swift in Sources */ = {isa = PBXBuildFile; fileRef = 1FD8C84027E8F22D005676CA /* SignInViewController.swift */; };
		1FD8C84327E8F325005676CA /* UITextField+Paddings.swift in Sources */ = {isa = PBXBuildFile; fileRef = 1FD8C84227E8F325005676CA /* UITextField+Paddings.swift */; };
		1FD8C84727E8F564005676CA /* ListsViewController.swift in Sources */ = {isa = PBXBuildFile; fileRef = 1FD8C84627E8F564005676CA /* ListsViewController.swift */; };
		1FD8C84927E8F6D2005676CA /* UITableView+EmptyTitle.swift in Sources */ = {isa = PBXBuildFile; fileRef = 1FD8C84827E8F6D2005676CA /* UITableView+EmptyTitle.swift */; };
/* End PBXBuildFile section */

/* Begin PBXFileReference section */
		1F40D9A227F9C20E003A6776 /* RestoreFromTrashRequest.swift */ = {isa = PBXFileReference; lastKnownFileType = sourcecode.swift; path = RestoreFromTrashRequest.swift; sourceTree = "<group>"; };
		1F40D9A427F9C292003A6776 /* TotalDeleteListRequest.swift */ = {isa = PBXFileReference; lastKnownFileType = sourcecode.swift; path = TotalDeleteListRequest.swift; sourceTree = "<group>"; };
		1F40D9A627F9EFB0003A6776 /* BoughtUpdateRequest.swift */ = {isa = PBXFileReference; lastKnownFileType = sourcecode.swift; path = BoughtUpdateRequest.swift; sourceTree = "<group>"; };
		1F672CAC27EB7C0900E4D6A6 /* AddListViewController.swift */ = {isa = PBXFileReference; lastKnownFileType = sourcecode.swift; path = AddListViewController.swift; sourceTree = "<group>"; };
		1F672CAE27EB863900E4D6A6 /* String+HexToColor.swift */ = {isa = PBXFileReference; lastKnownFileType = sourcecode.swift; path = "String+HexToColor.swift"; sourceTree = "<group>"; };
		1F672CB027EB91EC00E4D6A6 /* ListCellView.swift */ = {isa = PBXFileReference; lastKnownFileType = sourcecode.swift; path = ListCellView.swift; sourceTree = "<group>"; };
		1F672CB227EB957B00E4D6A6 /* ProductsViewController.swift */ = {isa = PBXFileReference; lastKnownFileType = sourcecode.swift; path = ProductsViewController.swift; sourceTree = "<group>"; };
		1F672CB527ECCD6600E4D6A6 /* IconView.swift */ = {isa = PBXFileReference; lastKnownFileType = sourcecode.swift; path = IconView.swift; sourceTree = "<group>"; };
		1F672CB727EE15B800E4D6A6 /* NewProductsCategoriesViewController.swift */ = {isa = PBXFileReference; lastKnownFileType = sourcecode.swift; path = NewProductsCategoriesViewController.swift; sourceTree = "<group>"; };
		1F672CB927EE16AC00E4D6A6 /* productsjs.json */ = {isa = PBXFileReference; fileEncoding = 4; lastKnownFileType = text.json; path = productsjs.json; sourceTree = "<group>"; };
		1F672CBB27EE1A3700E4D6A6 /* ProductsBundle.swift */ = {isa = PBXFileReference; lastKnownFileType = sourcecode.swift; path = ProductsBundle.swift; sourceTree = "<group>"; };
		1F672CC127EE1B5F00E4D6A6 /* DataProvider.swift */ = {isa = PBXFileReference; lastKnownFileType = sourcecode.swift; path = DataProvider.swift; sourceTree = "<group>"; };
		1F672CC327EE1BDA00E4D6A6 /* BundleContentLoader.swift */ = {isa = PBXFileReference; lastKnownFileType = sourcecode.swift; path = BundleContentLoader.swift; sourceTree = "<group>"; };
		1F672CC527EE1FA100E4D6A6 /* NewProductViewController.swift */ = {isa = PBXFileReference; lastKnownFileType = sourcecode.swift; path = NewProductViewController.swift; sourceTree = "<group>"; };
		1F672CC827EE287100E4D6A6 /* ProductViewCell.swift */ = {isa = PBXFileReference; lastKnownFileType = sourcecode.swift; path = ProductViewCell.swift; sourceTree = "<group>"; };
		1F672CD527EE3BB700E4D6A6 /* Coordinator.swift */ = {isa = PBXFileReference; lastKnownFileType = sourcecode.swift; path = Coordinator.swift; sourceTree = "<group>"; };
		1F672CD727EE3C1C00E4D6A6 /* MainCoordinator.swift */ = {isa = PBXFileReference; lastKnownFileType = sourcecode.swift; path = MainCoordinator.swift; sourceTree = "<group>"; };
		1F672CDB27EE504800E4D6A6 /* AuthCoordinator.swift */ = {isa = PBXFileReference; lastKnownFileType = sourcecode.swift; path = AuthCoordinator.swift; sourceTree = "<group>"; };
		1F672CDD27EE505100E4D6A6 /* TabBarCoordinator.swift */ = {isa = PBXFileReference; lastKnownFileType = sourcecode.swift; path = TabBarCoordinator.swift; sourceTree = "<group>"; };
		1F672CDF27EF251B00E4D6A6 /* TabBarPage.swift */ = {isa = PBXFileReference; lastKnownFileType = sourcecode.swift; path = TabBarPage.swift; sourceTree = "<group>"; };
		1F672CE327EF2FC700E4D6A6 /* WelcomeViewModel.swift */ = {isa = PBXFileReference; lastKnownFileType = sourcecode.swift; path = WelcomeViewModel.swift; sourceTree = "<group>"; };
		1F672CE627EF337600E4D6A6 /* SignUpViewModel.swift */ = {isa = PBXFileReference; lastKnownFileType = sourcecode.swift; path = SignUpViewModel.swift; sourceTree = "<group>"; };
		1F672CE827EF346A00E4D6A6 /* SignInViewModel.swift */ = {isa = PBXFileReference; lastKnownFileType = sourcecode.swift; path = SignInViewModel.swift; sourceTree = "<group>"; };
		1F672CEC27EF49F600E4D6A6 /* ProductListResponse.swift */ = {isa = PBXFileReference; lastKnownFileType = sourcecode.swift; path = ProductListResponse.swift; sourceTree = "<group>"; };
		1F672CEE27EF4BDB00E4D6A6 /* DataRequest.swift */ = {isa = PBXFileReference; lastKnownFileType = sourcecode.swift; path = DataRequest.swift; sourceTree = "<group>"; };
		1F672CF027EF4C2F00E4D6A6 /* NetworkService.swift */ = {isa = PBXFileReference; lastKnownFileType = sourcecode.swift; path = NetworkService.swift; sourceTree = "<group>"; };
		1F672CFA27EF777100E4D6A6 /* ListsCoordinator.swift */ = {isa = PBXFileReference; lastKnownFileType = sourcecode.swift; path = ListsCoordinator.swift; sourceTree = "<group>"; };
		1F672CFC27EF77E700E4D6A6 /* ListsViewModel.swift */ = {isa = PBXFileReference; lastKnownFileType = sourcecode.swift; path = ListsViewModel.swift; sourceTree = "<group>"; };
		1F672D0127EF7AB600E4D6A6 /* AddListViewModel.swift */ = {isa = PBXFileReference; lastKnownFileType = sourcecode.swift; path = AddListViewModel.swift; sourceTree = "<group>"; };
		1F672D0327EF8D7400E4D6A6 /* AuthenticationService.swift */ = {isa = PBXFileReference; lastKnownFileType = sourcecode.swift; path = AuthenticationService.swift; sourceTree = "<group>"; };
		1F672D0527EF8DE400E4D6A6 /* TokenManager.swift */ = {isa = PBXFileReference; lastKnownFileType = sourcecode.swift; path = TokenManager.swift; sourceTree = "<group>"; };
		1F672D0727EF8E6500E4D6A6 /* User.swift */ = {isa = PBXFileReference; lastKnownFileType = sourcecode.swift; path = User.swift; sourceTree = "<group>"; };
		1F672D0A27EF986A00E4D6A6 /* WhatToBuyApp.xcdatamodel */ = {isa = PBXFileReference; lastKnownFileType = wrapper.xcdatamodel; path = WhatToBuyApp.xcdatamodel; sourceTree = "<group>"; };
		1F672D0D27EF992700E4D6A6 /* ListIcon.swift */ = {isa = PBXFileReference; lastKnownFileType = sourcecode.swift; path = ListIcon.swift; sourceTree = "<group>"; };
		1F672D0F27EF993600E4D6A6 /* ListColor.swift */ = {isa = PBXFileReference; lastKnownFileType = sourcecode.swift; path = ListColor.swift; sourceTree = "<group>"; };
		1F672D1127EF9AC500E4D6A6 /* CoreDataManager.swift */ = {isa = PBXFileReference; lastKnownFileType = sourcecode.swift; path = CoreDataManager.swift; sourceTree = "<group>"; };
		1F672D1527EF9EB600E4D6A6 /* ProductList.swift */ = {isa = PBXFileReference; lastKnownFileType = sourcecode.swift; path = ProductList.swift; sourceTree = "<group>"; };
		1F672D1727EFA1F000E4D6A6 /* PickerSelection.swift */ = {isa = PBXFileReference; lastKnownFileType = sourcecode.swift; path = PickerSelection.swift; sourceTree = "<group>"; };
		1F672D1927EFA72700E4D6A6 /* ListCellViewModel.swift */ = {isa = PBXFileReference; lastKnownFileType = sourcecode.swift; path = ListCellViewModel.swift; sourceTree = "<group>"; };
		1F672D2027EFB58C00E4D6A6 /* ProductMO+CoreDataClass.swift */ = {isa = PBXFileReference; lastKnownFileType = sourcecode.swift; path = "ProductMO+CoreDataClass.swift"; sourceTree = "<group>"; };
		1F672D2127EFB58C00E4D6A6 /* ProductMO+CoreDataProperties.swift */ = {isa = PBXFileReference; lastKnownFileType = sourcecode.swift; path = "ProductMO+CoreDataProperties.swift"; sourceTree = "<group>"; };
		1F672D2227EFB58C00E4D6A6 /* ProductListMO+CoreDataClass.swift */ = {isa = PBXFileReference; lastKnownFileType = sourcecode.swift; path = "ProductListMO+CoreDataClass.swift"; sourceTree = "<group>"; };
		1F672D2327EFB58C00E4D6A6 /* ProductListMO+CoreDataProperties.swift */ = {isa = PBXFileReference; lastKnownFileType = sourcecode.swift; path = "ProductListMO+CoreDataProperties.swift"; sourceTree = "<group>"; };
		1F672D2927EFB9AE00E4D6A6 /* ProductResponse.swift */ = {isa = PBXFileReference; lastKnownFileType = sourcecode.swift; path = ProductResponse.swift; sourceTree = "<group>"; };
		1F672D2B27EFB9BD00E4D6A6 /* Product.swift */ = {isa = PBXFileReference; lastKnownFileType = sourcecode.swift; path = Product.swift; sourceTree = "<group>"; };
		1F672D2F27F077AA00E4D6A6 /* ProductsViewModel.swift */ = {isa = PBXFileReference; lastKnownFileType = sourcecode.swift; path = ProductsViewModel.swift; sourceTree = "<group>"; };
		1F672D3127F08DFF00E4D6A6 /* NewProductViewModel.swift */ = {isa = PBXFileReference; lastKnownFileType = sourcecode.swift; path = NewProductViewModel.swift; sourceTree = "<group>"; };
		1F672D3527F0940500E4D6A6 /* NewProductsCategoriesViewModel.swift */ = {isa = PBXFileReference; lastKnownFileType = sourcecode.swift; path = NewProductsCategoriesViewModel.swift; sourceTree = "<group>"; };
		1F672D3727F0C8F200E4D6A6 /* NewProductCellView.swift */ = {isa = PBXFileReference; lastKnownFileType = sourcecode.swift; path = NewProductCellView.swift; sourceTree = "<group>"; };
		1F672D3927F0D46500E4D6A6 /* NewProductCellViewModel.swift */ = {isa = PBXFileReference; lastKnownFileType = sourcecode.swift; path = NewProductCellViewModel.swift; sourceTree = "<group>"; };
		1F672D3E27F0E2B000E4D6A6 /* UIViewController+HidingKeyboard.swift */ = {isa = PBXFileReference; lastKnownFileType = sourcecode.swift; path = "UIViewController+HidingKeyboard.swift"; sourceTree = "<group>"; };
		1F672D4327F2051700E4D6A6 /* SignUpDataRequest.swift */ = {isa = PBXFileReference; lastKnownFileType = sourcecode.swift; path = SignUpDataRequest.swift; sourceTree = "<group>"; };
		1F672D4527F208BB00E4D6A6 /* Security.xcconfig */ = {isa = PBXFileReference; lastKnownFileType = text.xcconfig; path = Security.xcconfig; sourceTree = "<group>"; };
		1F672D4627F21F2400E4D6A6 /* UIViewController+Alert.swift */ = {isa = PBXFileReference; lastKnownFileType = sourcecode.swift; path = "UIViewController+Alert.swift"; sourceTree = "<group>"; };
		1F672D4827F2218D00E4D6A6 /* SignInDataRequest.swift */ = {isa = PBXFileReference; lastKnownFileType = sourcecode.swift; path = SignInDataRequest.swift; sourceTree = "<group>"; };
		1F672D4A27F2240D00E4D6A6 /* AuthResponse.swift */ = {isa = PBXFileReference; lastKnownFileType = sourcecode.swift; path = AuthResponse.swift; sourceTree = "<group>"; };
		1F672D4D27F22E0B00E4D6A6 /* NewProductCoordinator.swift */ = {isa = PBXFileReference; lastKnownFileType = sourcecode.swift; path = NewProductCoordinator.swift; sourceTree = "<group>"; };
		1F672D4F27F231BB00E4D6A6 /* Observable.swift */ = {isa = PBXFileReference; lastKnownFileType = sourcecode.swift; path = Observable.swift; sourceTree = "<group>"; };
		1F672D5127F23EA900E4D6A6 /* ProductCellViewModel.swift */ = {isa = PBXFileReference; lastKnownFileType = sourcecode.swift; path = ProductCellViewModel.swift; sourceTree = "<group>"; };
		1F672D5427F4AECC00E4D6A6 /* FetchListsRequest.swift */ = {isa = PBXFileReference; lastKnownFileType = sourcecode.swift; path = FetchListsRequest.swift; sourceTree = "<group>"; };
		1F672D5627F4B93800E4D6A6 /* NewListRequest.swift */ = {isa = PBXFileReference; lastKnownFileType = sourcecode.swift; path = NewListRequest.swift; sourceTree = "<group>"; };
		1F672D5827F4B97800E4D6A6 /* NewListResponse.swift */ = {isa = PBXFileReference; lastKnownFileType = sourcecode.swift; path = NewListResponse.swift; sourceTree = "<group>"; };
		1F672D5B27F4C0DB00E4D6A6 /* FetchProductsRequest.swift */ = {isa = PBXFileReference; lastKnownFileType = sourcecode.swift; path = FetchProductsRequest.swift; sourceTree = "<group>"; };
		1F672D5D27F4C2A200E4D6A6 /* NewProductRequest.swift */ = {isa = PBXFileReference; lastKnownFileType = sourcecode.swift; path = NewProductRequest.swift; sourceTree = "<group>"; };
		1F672D5F27F4C74300E4D6A6 /* NewProductResponse.swift */ = {isa = PBXFileReference; lastKnownFileType = sourcecode.swift; path = NewProductResponse.swift; sourceTree = "<group>"; };
		1F672D6127F4CDC300E4D6A6 /* DeleteProductRequest.swift */ = {isa = PBXFileReference; lastKnownFileType = sourcecode.swift; path = DeleteProductRequest.swift; sourceTree = "<group>"; };
		1F672D6327F4CEB800E4D6A6 /* BasicResponse.swift */ = {isa = PBXFileReference; lastKnownFileType = sourcecode.swift; path = BasicResponse.swift; sourceTree = "<group>"; };
		1F672D6527F4D98F00E4D6A6 /* RemoveToTrashRequest.swift */ = {isa = PBXFileReference; lastKnownFileType = sourcecode.swift; path = RemoveToTrashRequest.swift; sourceTree = "<group>"; };
		1F672D6727F4DE6600E4D6A6 /* UIView+Spinner.swift */ = {isa = PBXFileReference; lastKnownFileType = sourcecode.swift; path = "UIView+Spinner.swift"; sourceTree = "<group>"; };
		1F672D6927F6031D00E4D6A6 /* TrashCoordinator.swift */ = {isa = PBXFileReference; lastKnownFileType = sourcecode.swift; path = TrashCoordinator.swift; sourceTree = "<group>"; };
		1F672D6B27F6035B00E4D6A6 /* TrashViewController.swift */ = {isa = PBXFileReference; lastKnownFileType = sourcecode.swift; path = TrashViewController.swift; sourceTree = "<group>"; };
		1F672D6D27F603E500E4D6A6 /* TrashViewModel.swift */ = {isa = PBXFileReference; lastKnownFileType = sourcecode.swift; path = TrashViewModel.swift; sourceTree = "<group>"; };
		1F672D7127F606DE00E4D6A6 /* FetchRemovedListsRequest.swift */ = {isa = PBXFileReference; lastKnownFileType = sourcecode.swift; path = FetchRemovedListsRequest.swift; sourceTree = "<group>"; };
		1F672D9627F70BAF00E4D6A6 /* EditListView.swift */ = {isa = PBXFileReference; lastKnownFileType = sourcecode.swift; path = EditListView.swift; sourceTree = "<group>"; };
		1F672D9827F70C4F00E4D6A6 /* EditListViewController.swift */ = {isa = PBXFileReference; lastKnownFileType = sourcecode.swift; path = EditListViewController.swift; sourceTree = "<group>"; };
		1F672D9A27F70C9200E4D6A6 /* EditListViewModel.swift */ = {isa = PBXFileReference; lastKnownFileType = sourcecode.swift; path = EditListViewModel.swift; sourceTree = "<group>"; };
		1F672D9C27F71B9000E4D6A6 /* UpdateProductListRequest.swift */ = {isa = PBXFileReference; lastKnownFileType = sourcecode.swift; path = UpdateProductListRequest.swift; sourceTree = "<group>"; };
		1F672D9F27F71CBA00E4D6A6 /* ProductListRequestBody.swift */ = {isa = PBXFileReference; lastKnownFileType = sourcecode.swift; path = ProductListRequestBody.swift; sourceTree = "<group>"; };
		1F672DA327F7257B00E4D6A6 /* EditProductViewController.swift */ = {isa = PBXFileReference; lastKnownFileType = sourcecode.swift; path = EditProductViewController.swift; sourceTree = "<group>"; };
		1F672DA527F746B300E4D6A6 /* CaseIterable+FindIndidexByValue.swift */ = {isa = PBXFileReference; lastKnownFileType = sourcecode.swift; path = "CaseIterable+FindIndidexByValue.swift"; sourceTree = "<group>"; };
		1F672DA727F7498600E4D6A6 /* EditProductHeaderCell.swift */ = {isa = PBXFileReference; lastKnownFileType = sourcecode.swift; path = EditProductHeaderCell.swift; sourceTree = "<group>"; };
		1F672DA927F74B5B00E4D6A6 /* EditProductFieldsCell.swift */ = {isa = PBXFileReference; lastKnownFileType = sourcecode.swift; path = EditProductFieldsCell.swift; sourceTree = "<group>"; };
		1F672DAB27F77A5B00E4D6A6 /* EditProductViewModel.swift */ = {isa = PBXFileReference; lastKnownFileType = sourcecode.swift; path = EditProductViewModel.swift; sourceTree = "<group>"; };
		1F672DAD27F77F0100E4D6A6 /* EditProductCellViewModel.swift */ = {isa = PBXFileReference; lastKnownFileType = sourcecode.swift; path = EditProductCellViewModel.swift; sourceTree = "<group>"; };
		1F672DAF27F7920A00E4D6A6 /* ProductRequestBody.swift */ = {isa = PBXFileReference; lastKnownFileType = sourcecode.swift; path = ProductRequestBody.swift; sourceTree = "<group>"; };
		1F672DB127F7923D00E4D6A6 /* UpdateProductRequest.swift */ = {isa = PBXFileReference; lastKnownFileType = sourcecode.swift; path = UpdateProductRequest.swift; sourceTree = "<group>"; };
		1F672DB327F793EC00E4D6A6 /* ProductRequest.swift */ = {isa = PBXFileReference; lastKnownFileType = sourcecode.swift; path = ProductRequest.swift; sourceTree = "<group>"; };
		1F672DB727F7B16F00E4D6A6 /* InvitesViewController.swift */ = {isa = PBXFileReference; lastKnownFileType = sourcecode.swift; path = InvitesViewController.swift; sourceTree = "<group>"; };
		1F672DB927F890B900E4D6A6 /* InviteToListRequest.swift */ = {isa = PBXFileReference; lastKnownFileType = sourcecode.swift; path = InviteToListRequest.swift; sourceTree = "<group>"; };
		1F672DBC27F8980400E4D6A6 /* InviteCellView.swift */ = {isa = PBXFileReference; lastKnownFileType = sourcecode.swift; path = InviteCellView.swift; sourceTree = "<group>"; };
		1F672DBE27F89C9000E4D6A6 /* InvitesViewModel.swift */ = {isa = PBXFileReference; lastKnownFileType = sourcecode.swift; path = InvitesViewModel.swift; sourceTree = "<group>"; };
		1F672DC127F8B17500E4D6A6 /* InviteReseponse.swift */ = {isa = PBXFileReference; lastKnownFileType = sourcecode.swift; path = InviteReseponse.swift; sourceTree = "<group>"; };
		1F672DC327F8B18B00E4D6A6 /* Invite.swift */ = {isa = PBXFileReference; lastKnownFileType = sourcecode.swift; path = Invite.swift; sourceTree = "<group>"; };
		1F672DC527F8B1CB00E4D6A6 /* FetchInvites.swift */ = {isa = PBXFileReference; lastKnownFileType = sourcecode.swift; path = FetchInvites.swift; sourceTree = "<group>"; };
		1F672DC727F8B3C400E4D6A6 /* InviteCellViewModel.swift */ = {isa = PBXFileReference; lastKnownFileType = sourcecode.swift; path = InviteCellViewModel.swift; sourceTree = "<group>"; };
		1F672DC927F8B8C100E4D6A6 /* AnswerInviteRequest.swift */ = {isa = PBXFileReference; lastKnownFileType = sourcecode.swift; path = AnswerInviteRequest.swift; sourceTree = "<group>"; };
		1FD8C82527E8E10F005676CA /* WhatToBuy.app */ = {isa = PBXFileReference; explicitFileType = wrapper.application; includeInIndex = 0; path = WhatToBuy.app; sourceTree = BUILT_PRODUCTS_DIR; };
		1FD8C82827E8E10F005676CA /* AppDelegate.swift */ = {isa = PBXFileReference; lastKnownFileType = sourcecode.swift; path = AppDelegate.swift; sourceTree = "<group>"; };
		1FD8C82A27E8E10F005676CA /* SceneDelegate.swift */ = {isa = PBXFileReference; lastKnownFileType = sourcecode.swift; path = SceneDelegate.swift; sourceTree = "<group>"; };
		1FD8C82C27E8E10F005676CA /* WelcomeViewController.swift */ = {isa = PBXFileReference; lastKnownFileType = sourcecode.swift; path = WelcomeViewController.swift; sourceTree = "<group>"; };
		1FD8C83127E8E112005676CA /* Assets.xcassets */ = {isa = PBXFileReference; lastKnownFileType = folder.assetcatalog; path = Assets.xcassets; sourceTree = "<group>"; };
		1FD8C83427E8E112005676CA /* Base */ = {isa = PBXFileReference; lastKnownFileType = file.storyboard; name = Base; path = Base.lproj/LaunchScreen.storyboard; sourceTree = "<group>"; };
		1FD8C83627E8E112005676CA /* Info.plist */ = {isa = PBXFileReference; lastKnownFileType = text.plist.xml; path = Info.plist; sourceTree = "<group>"; };
		1FD8C83C27E8E7B6005676CA /* UIView+AddSubviews.swift */ = {isa = PBXFileReference; lastKnownFileType = sourcecode.swift; path = "UIView+AddSubviews.swift"; sourceTree = "<group>"; };
		1FD8C83E27E8EDAF005676CA /* SignUpViewController.swift */ = {isa = PBXFileReference; lastKnownFileType = sourcecode.swift; path = SignUpViewController.swift; sourceTree = "<group>"; };
		1FD8C84027E8F22D005676CA /* SignInViewController.swift */ = {isa = PBXFileReference; lastKnownFileType = sourcecode.swift; path = SignInViewController.swift; sourceTree = "<group>"; };
		1FD8C84227E8F325005676CA /* UITextField+Paddings.swift */ = {isa = PBXFileReference; lastKnownFileType = sourcecode.swift; path = "UITextField+Paddings.swift"; sourceTree = "<group>"; };
		1FD8C84627E8F564005676CA /* ListsViewController.swift */ = {isa = PBXFileReference; lastKnownFileType = sourcecode.swift; path = ListsViewController.swift; sourceTree = "<group>"; };
		1FD8C84827E8F6D2005676CA /* UITableView+EmptyTitle.swift */ = {isa = PBXFileReference; lastKnownFileType = sourcecode.swift; path = "UITableView+EmptyTitle.swift"; sourceTree = "<group>"; };
/* End PBXFileReference section */

/* Begin PBXFrameworksBuildPhase section */
		1FD8C82227E8E10F005676CA /* Frameworks */ = {
			isa = PBXFrameworksBuildPhase;
			buildActionMask = 2147483647;
			files = (
			);
			runOnlyForDeploymentPostprocessing = 0;
		};
/* End PBXFrameworksBuildPhase section */

/* Begin PBXGroup section */
		1F672CAA27EB7BA500E4D6A6 /* Controllers */ = {
			isa = PBXGroup;
			children = (
				1F672CC727EE285A00E4D6A6 /* Cells */,
			);
			path = Controllers;
			sourceTree = "<group>";
		};
		1F672CAB27EB7BB000E4D6A6 /* Extensions */ = {
			isa = PBXGroup;
			children = (
				1FD8C84827E8F6D2005676CA /* UITableView+EmptyTitle.swift */,
				1FD8C84227E8F325005676CA /* UITextField+Paddings.swift */,
				1FD8C83C27E8E7B6005676CA /* UIView+AddSubviews.swift */,
				1F672CAE27EB863900E4D6A6 /* String+HexToColor.swift */,
				1F672D3E27F0E2B000E4D6A6 /* UIViewController+HidingKeyboard.swift */,
				1F672D4627F21F2400E4D6A6 /* UIViewController+Alert.swift */,
				1F672D6727F4DE6600E4D6A6 /* UIView+Spinner.swift */,
				1F672DA527F746B300E4D6A6 /* CaseIterable+FindIndidexByValue.swift */,
			);
			path = Extensions;
			sourceTree = "<group>";
		};
		1F672CB427ECCD3200E4D6A6 /* Views */ = {
			isa = PBXGroup;
			children = (
				1F672CB527ECCD6600E4D6A6 /* IconView.swift */,
			);
			path = Views;
			sourceTree = "<group>";
		};
		1F672CBD27EE1B3100E4D6A6 /* Core */ = {
			isa = PBXGroup;
			children = (
				1F672CC127EE1B5F00E4D6A6 /* DataProvider.swift */,
				1F672CC027EE1B5100E4D6A6 /* BundleService */,
				1F672CBF27EE1B4900E4D6A6 /* LocaleService */,
				1F672CBE27EE1B3D00E4D6A6 /* NetworkService */,
				1F672D1327EF9E8300E4D6A6 /* Raw */,
			);
			path = Core;
			sourceTree = "<group>";
		};
		1F672CBE27EE1B3D00E4D6A6 /* NetworkService */ = {
			isa = PBXGroup;
			children = (
				1F672D9E27F71CA400E4D6A6 /* RequestsBody */,
				1F672CF327EF569900E4D6A6 /* Services */,
				1F672CF227EF568D00E4D6A6 /* NetworkCore */,
			);
			path = NetworkService;
			sourceTree = "<group>";
		};
		1F672CBF27EE1B4900E4D6A6 /* LocaleService */ = {
			isa = PBXGroup;
			children = (
				1F672D1B27EFB42900E4D6A6 /* Model */,
				1F672D1127EF9AC500E4D6A6 /* CoreDataManager.swift */,
			);
			path = LocaleService;
			sourceTree = "<group>";
		};
		1F672CC027EE1B5100E4D6A6 /* BundleService */ = {
			isa = PBXGroup;
			children = (
				1F672CBB27EE1A3700E4D6A6 /* ProductsBundle.swift */,
				1F672CC327EE1BDA00E4D6A6 /* BundleContentLoader.swift */,
			);
			path = BundleService;
			sourceTree = "<group>";
		};
		1F672CC727EE285A00E4D6A6 /* Cells */ = {
			isa = PBXGroup;
			children = (
			);
			path = Cells;
			sourceTree = "<group>";
		};
		1F672CD327EE377900E4D6A6 /* Scenes */ = {
			isa = PBXGroup;
			children = (
				1F672CF627EF773300E4D6A6 /* TabBar */,
				1F672CE527EF32D100E4D6A6 /* Auth */,
			);
			path = Scenes;
			sourceTree = "<group>";
		};
		1F672CD427EE378D00E4D6A6 /* Welcome */ = {
			isa = PBXGroup;
			children = (
				1FD8C82C27E8E10F005676CA /* WelcomeViewController.swift */,
				1F672CE327EF2FC700E4D6A6 /* WelcomeViewModel.swift */,
			);
			path = Welcome;
			sourceTree = "<group>";
		};
		1F672CD927EE3E3D00E4D6A6 /* SignIn */ = {
			isa = PBXGroup;
			children = (
				1FD8C84027E8F22D005676CA /* SignInViewController.swift */,
				1F672CE827EF346A00E4D6A6 /* SignInViewModel.swift */,
			);
			path = SignIn;
			sourceTree = "<group>";
		};
		1F672CDA27EE4B6C00E4D6A6 /* SignUp */ = {
			isa = PBXGroup;
			children = (
				1FD8C83E27E8EDAF005676CA /* SignUpViewController.swift */,
				1F672CE627EF337600E4D6A6 /* SignUpViewModel.swift */,
			);
			path = SignUp;
			sourceTree = "<group>";
		};
		1F672CE227EF27DB00E4D6A6 /* Coordinators */ = {
			isa = PBXGroup;
			children = (
				1F672CD527EE3BB700E4D6A6 /* Coordinator.swift */,
				1F672CD727EE3C1C00E4D6A6 /* MainCoordinator.swift */,
			);
			path = Coordinators;
			sourceTree = "<group>";
		};
		1F672CE527EF32D100E4D6A6 /* Auth */ = {
			isa = PBXGroup;
			children = (
				1F672CDB27EE504800E4D6A6 /* AuthCoordinator.swift */,
				1F672CDA27EE4B6C00E4D6A6 /* SignUp */,
				1F672CD927EE3E3D00E4D6A6 /* SignIn */,
				1F672CD427EE378D00E4D6A6 /* Welcome */,
			);
			path = Auth;
			sourceTree = "<group>";
		};
		1F672CF227EF568D00E4D6A6 /* NetworkCore */ = {
			isa = PBXGroup;
			children = (
				1F672CEE27EF4BDB00E4D6A6 /* DataRequest.swift */,
				1F672CF027EF4C2F00E4D6A6 /* NetworkService.swift */,
			);
			path = NetworkCore;
			sourceTree = "<group>";
		};
		1F672CF327EF569900E4D6A6 /* Services */ = {
			isa = PBXGroup;
			children = (
				1F672D4227F204F700E4D6A6 /* AuthService */,
				1F672D5327F4AE8E00E4D6A6 /* ListsService */,
				1F672D5A27F4C0C800E4D6A6 /* ProductsService */,
				1F672D0527EF8DE400E4D6A6 /* TokenManager.swift */,
			);
			path = Services;
			sourceTree = "<group>";
		};
		1F672CF627EF773300E4D6A6 /* TabBar */ = {
			isa = PBXGroup;
			children = (
				1F672CDD27EE505100E4D6A6 /* TabBarCoordinator.swift */,
				1F672CDF27EF251B00E4D6A6 /* TabBarPage.swift */,
				1F672CF927EF775A00E4D6A6 /* Settings */,
				1F672CF827EF775600E4D6A6 /* Trash */,
				1F672CF727EF773A00E4D6A6 /* Lists */,
			);
			path = TabBar;
			sourceTree = "<group>";
		};
		1F672CF727EF773A00E4D6A6 /* Lists */ = {
			isa = PBXGroup;
			children = (
				1F672DBB27F8974C00E4D6A6 /* InvitesList */,
				1F672DA127F7236800E4D6A6 /* UpdateProduct */,
				1F672D2E27F0777A00E4D6A6 /* NewProduct */,
				1F672D2D27F0775700E4D6A6 /* ListOfProduct */,
				1F672CFF27EF7AA200E4D6A6 /* NewList */,
				1F672D9527F70AE300E4D6A6 /* UpdateList */,
				1F672CFE27EF7A8900E4D6A6 /* ListsList */,
				1F672CFA27EF777100E4D6A6 /* ListsCoordinator.swift */,
				1F672D9627F70BAF00E4D6A6 /* EditListView.swift */,
			);
			path = Lists;
			sourceTree = "<group>";
		};
		1F672CF827EF775600E4D6A6 /* Trash */ = {
			isa = PBXGroup;
			children = (
				1F672D6927F6031D00E4D6A6 /* TrashCoordinator.swift */,
				1F672D6B27F6035B00E4D6A6 /* TrashViewController.swift */,
				1F672D6D27F603E500E4D6A6 /* TrashViewModel.swift */,
			);
			path = Trash;
			sourceTree = "<group>";
		};
		1F672CF927EF775A00E4D6A6 /* Settings */ = {
			isa = PBXGroup;
			children = (
			);
			path = Settings;
			sourceTree = "<group>";
		};
		1F672CFE27EF7A8900E4D6A6 /* ListsList */ = {
			isa = PBXGroup;
			children = (
				1F672CB027EB91EC00E4D6A6 /* ListCellView.swift */,
				1F672D1927EFA72700E4D6A6 /* ListCellViewModel.swift */,
				1FD8C84627E8F564005676CA /* ListsViewController.swift */,
				1F672CFC27EF77E700E4D6A6 /* ListsViewModel.swift */,
			);
			path = ListsList;
			sourceTree = "<group>";
		};
		1F672CFF27EF7AA200E4D6A6 /* NewList */ = {
			isa = PBXGroup;
			children = (
				1F672CAC27EB7C0900E4D6A6 /* AddListViewController.swift */,
				1F672D0127EF7AB600E4D6A6 /* AddListViewModel.swift */,
				1F672D1727EFA1F000E4D6A6 /* PickerSelection.swift */,
			);
			path = NewList;
			sourceTree = "<group>";
		};
		1F672D0C27EF991700E4D6A6 /* Supports */ = {
			isa = PBXGroup;
			children = (
				1F672D0D27EF992700E4D6A6 /* ListIcon.swift */,
				1F672D0F27EF993600E4D6A6 /* ListColor.swift */,
				1F672D4F27F231BB00E4D6A6 /* Observable.swift */,
			);
			path = Supports;
			sourceTree = "<group>";
		};
		1F672D1327EF9E8300E4D6A6 /* Raw */ = {
			isa = PBXGroup;
			children = (
				1F672DC027F8B16300E4D6A6 /* InviteRaw */,
				1F672D4C27F2268700E4D6A6 /* AuthRaw */,
				1F672D2827EFB99100E4D6A6 /* ProductRaw */,
				1F672D1427EF9E8F00E4D6A6 /* ProductListRaw */,
				1F672D6327F4CEB800E4D6A6 /* BasicResponse.swift */,
			);
			path = Raw;
			sourceTree = "<group>";
		};
		1F672D1427EF9E8F00E4D6A6 /* ProductListRaw */ = {
			isa = PBXGroup;
			children = (
				1F672CEC27EF49F600E4D6A6 /* ProductListResponse.swift */,
				1F672D1527EF9EB600E4D6A6 /* ProductList.swift */,
				1F672D5827F4B97800E4D6A6 /* NewListResponse.swift */,
			);
			path = ProductListRaw;
			sourceTree = "<group>";
		};
		1F672D1B27EFB42900E4D6A6 /* Model */ = {
			isa = PBXGroup;
			children = (
				1F672D2027EFB58C00E4D6A6 /* ProductMO+CoreDataClass.swift */,
				1F672D2127EFB58C00E4D6A6 /* ProductMO+CoreDataProperties.swift */,
				1F672D2227EFB58C00E4D6A6 /* ProductListMO+CoreDataClass.swift */,
				1F672D2327EFB58C00E4D6A6 /* ProductListMO+CoreDataProperties.swift */,
			);
			path = Model;
			sourceTree = "<group>";
		};
		1F672D2827EFB99100E4D6A6 /* ProductRaw */ = {
			isa = PBXGroup;
			children = (
				1F672D2927EFB9AE00E4D6A6 /* ProductResponse.swift */,
				1F672D2B27EFB9BD00E4D6A6 /* Product.swift */,
				1F672D5F27F4C74300E4D6A6 /* NewProductResponse.swift */,
			);
			path = ProductRaw;
			sourceTree = "<group>";
		};
		1F672D2D27F0775700E4D6A6 /* ListOfProduct */ = {
			isa = PBXGroup;
			children = (
				1F672CC827EE287100E4D6A6 /* ProductViewCell.swift */,
				1F672D5127F23EA900E4D6A6 /* ProductCellViewModel.swift */,
				1F672CB227EB957B00E4D6A6 /* ProductsViewController.swift */,
				1F672D2F27F077AA00E4D6A6 /* ProductsViewModel.swift */,
			);
			path = ListOfProduct;
			sourceTree = "<group>";
		};
		1F672D2E27F0777A00E4D6A6 /* NewProduct */ = {
			isa = PBXGroup;
			children = (
				1F672D3427F08E3F00E4D6A6 /* Products */,
				1F672D3327F08E3600E4D6A6 /* Categories */,
				1F672D4D27F22E0B00E4D6A6 /* NewProductCoordinator.swift */,
			);
			path = NewProduct;
			sourceTree = "<group>";
		};
		1F672D3327F08E3600E4D6A6 /* Categories */ = {
			isa = PBXGroup;
			children = (
				1F672CB727EE15B800E4D6A6 /* NewProductsCategoriesViewController.swift */,
				1F672D3527F0940500E4D6A6 /* NewProductsCategoriesViewModel.swift */,
			);
			path = Categories;
			sourceTree = "<group>";
		};
		1F672D3427F08E3F00E4D6A6 /* Products */ = {
			isa = PBXGroup;
			children = (
				1F672CC527EE1FA100E4D6A6 /* NewProductViewController.swift */,
				1F672D3127F08DFF00E4D6A6 /* NewProductViewModel.swift */,
				1F672D3927F0D46500E4D6A6 /* NewProductCellViewModel.swift */,
				1F672D3727F0C8F200E4D6A6 /* NewProductCellView.swift */,
			);
			path = Products;
			sourceTree = "<group>";
		};
		1F672D4227F204F700E4D6A6 /* AuthService */ = {
			isa = PBXGroup;
			children = (
				1F672D0327EF8D7400E4D6A6 /* AuthenticationService.swift */,
				1F672D0727EF8E6500E4D6A6 /* User.swift */,
				1F672D4327F2051700E4D6A6 /* SignUpDataRequest.swift */,
				1F672D4827F2218D00E4D6A6 /* SignInDataRequest.swift */,
			);
			path = AuthService;
			sourceTree = "<group>";
		};
		1F672D4C27F2268700E4D6A6 /* AuthRaw */ = {
			isa = PBXGroup;
			children = (
				1F672D4A27F2240D00E4D6A6 /* AuthResponse.swift */,
			);
			path = AuthRaw;
			sourceTree = "<group>";
		};
		1F672D5327F4AE8E00E4D6A6 /* ListsService */ = {
			isa = PBXGroup;
			children = (
				1F672D5427F4AECC00E4D6A6 /* FetchListsRequest.swift */,
				1F672D5627F4B93800E4D6A6 /* NewListRequest.swift */,
				1F672D6527F4D98F00E4D6A6 /* RemoveToTrashRequest.swift */,
				1F672D7127F606DE00E4D6A6 /* FetchRemovedListsRequest.swift */,
				1F672D9C27F71B9000E4D6A6 /* UpdateProductListRequest.swift */,
				1F672DB927F890B900E4D6A6 /* InviteToListRequest.swift */,
				1F672DC527F8B1CB00E4D6A6 /* FetchInvites.swift */,
				1F672DC927F8B8C100E4D6A6 /* AnswerInviteRequest.swift */,
				1F40D9A227F9C20E003A6776 /* RestoreFromTrashRequest.swift */,
				1F40D9A427F9C292003A6776 /* TotalDeleteListRequest.swift */,
			);
			path = ListsService;
			sourceTree = "<group>";
		};
		1F672D5A27F4C0C800E4D6A6 /* ProductsService */ = {
			isa = PBXGroup;
			children = (
				1F672D5B27F4C0DB00E4D6A6 /* FetchProductsRequest.swift */,
				1F672D5D27F4C2A200E4D6A6 /* NewProductRequest.swift */,
				1F672D6127F4CDC300E4D6A6 /* DeleteProductRequest.swift */,
				1F672DB127F7923D00E4D6A6 /* UpdateProductRequest.swift */,
				1F40D9A627F9EFB0003A6776 /* BoughtUpdateRequest.swift */,
			);
			path = ProductsService;
			sourceTree = "<group>";
		};
		1F672D9527F70AE300E4D6A6 /* UpdateList */ = {
			isa = PBXGroup;
			children = (
				1F672D9827F70C4F00E4D6A6 /* EditListViewController.swift */,
				1F672D9A27F70C9200E4D6A6 /* EditListViewModel.swift */,
			);
			path = UpdateList;
			sourceTree = "<group>";
		};
		1F672D9E27F71CA400E4D6A6 /* RequestsBody */ = {
			isa = PBXGroup;
			children = (
				1F672D9F27F71CBA00E4D6A6 /* ProductListRequestBody.swift */,
				1F672DAF27F7920A00E4D6A6 /* ProductRequestBody.swift */,
				1F672DB327F793EC00E4D6A6 /* ProductRequest.swift */,
			);
			path = RequestsBody;
			sourceTree = "<group>";
		};
		1F672DA127F7236800E4D6A6 /* UpdateProduct */ = {
			isa = PBXGroup;
			children = (
				1F672DB527F7947800E4D6A6 /* Cell */,
				1F672DA327F7257B00E4D6A6 /* EditProductViewController.swift */,
				1F672DAB27F77A5B00E4D6A6 /* EditProductViewModel.swift */,
			);
			path = UpdateProduct;
			sourceTree = "<group>";
		};
		1F672DB527F7947800E4D6A6 /* Cell */ = {
			isa = PBXGroup;
			children = (
				1F672DA727F7498600E4D6A6 /* EditProductHeaderCell.swift */,
				1F672DA927F74B5B00E4D6A6 /* EditProductFieldsCell.swift */,
				1F672DAD27F77F0100E4D6A6 /* EditProductCellViewModel.swift */,
			);
			path = Cell;
			sourceTree = "<group>";
		};
		1F672DBB27F8974C00E4D6A6 /* InvitesList */ = {
			isa = PBXGroup;
			children = (
				1F672DB727F7B16F00E4D6A6 /* InvitesViewController.swift */,
				1F672DBE27F89C9000E4D6A6 /* InvitesViewModel.swift */,
				1F672DBC27F8980400E4D6A6 /* InviteCellView.swift */,
				1F672DC727F8B3C400E4D6A6 /* InviteCellViewModel.swift */,
			);
			path = InvitesList;
			sourceTree = "<group>";
		};
		1F672DC027F8B16300E4D6A6 /* InviteRaw */ = {
			isa = PBXGroup;
			children = (
				1F672DC127F8B17500E4D6A6 /* InviteReseponse.swift */,
				1F672DC327F8B18B00E4D6A6 /* Invite.swift */,
			);
			path = InviteRaw;
			sourceTree = "<group>";
		};
		1FD8C81C27E8E10F005676CA = {
			isa = PBXGroup;
			children = (
				1FD8C82727E8E10F005676CA /* WhatToBuy */,
				1FD8C82627E8E10F005676CA /* Products */,
			);
			sourceTree = "<group>";
		};
		1FD8C82627E8E10F005676CA /* Products */ = {
			isa = PBXGroup;
			children = (
				1FD8C82527E8E10F005676CA /* WhatToBuy.app */,
			);
			name = Products;
			sourceTree = "<group>";
		};
		1FD8C82727E8E10F005676CA /* WhatToBuy */ = {
			isa = PBXGroup;
			children = (
				1FD8C82827E8E10F005676CA /* AppDelegate.swift */,
				1FD8C82A27E8E10F005676CA /* SceneDelegate.swift */,
				1F672CE227EF27DB00E4D6A6 /* Coordinators */,
				1F672CD327EE377900E4D6A6 /* Scenes */,
				1F672CBD27EE1B3100E4D6A6 /* Core */,
				1F672CB427ECCD3200E4D6A6 /* Views */,
				1F672CAA27EB7BA500E4D6A6 /* Controllers */,
				1F672CAB27EB7BB000E4D6A6 /* Extensions */,
				1F672D0C27EF991700E4D6A6 /* Supports */,
				1FD8C83127E8E112005676CA /* Assets.xcassets */,
				1FD8C83327E8E112005676CA /* LaunchScreen.storyboard */,
				1FD8C83627E8E112005676CA /* Info.plist */,
				1F672CB927EE16AC00E4D6A6 /* productsjs.json */,
				1F672D0927EF986A00E4D6A6 /* WhatToBuyApp.xcdatamodeld */,
				1F672D4527F208BB00E4D6A6 /* Security.xcconfig */,
			);
			path = WhatToBuy;
			sourceTree = "<group>";
		};
/* End PBXGroup section */

/* Begin PBXNativeTarget section */
		1FD8C82427E8E10F005676CA /* WhatToBuy */ = {
			isa = PBXNativeTarget;
			buildConfigurationList = 1FD8C83927E8E112005676CA /* Build configuration list for PBXNativeTarget "WhatToBuy" */;
			buildPhases = (
				1FD8C82127E8E10F005676CA /* Sources */,
				1FD8C82227E8E10F005676CA /* Frameworks */,
				1FD8C82327E8E10F005676CA /* Resources */,
			);
			buildRules = (
			);
			dependencies = (
			);
			name = WhatToBuy;
			productName = WhatToBuy;
			productReference = 1FD8C82527E8E10F005676CA /* WhatToBuy.app */;
			productType = "com.apple.product-type.application";
		};
/* End PBXNativeTarget section */

/* Begin PBXProject section */
		1FD8C81D27E8E10F005676CA /* Project object */ = {
			isa = PBXProject;
			attributes = {
				BuildIndependentTargetsInParallel = 1;
				LastSwiftUpdateCheck = 1330;
				LastUpgradeCheck = 1330;
				TargetAttributes = {
					1FD8C82427E8E10F005676CA = {
						CreatedOnToolsVersion = 13.3;
					};
				};
			};
			buildConfigurationList = 1FD8C82027E8E10F005676CA /* Build configuration list for PBXProject "WhatToBuy" */;
			compatibilityVersion = "Xcode 13.0";
			developmentRegion = en;
			hasScannedForEncodings = 0;
			knownRegions = (
				en,
				Base,
			);
			mainGroup = 1FD8C81C27E8E10F005676CA;
			productRefGroup = 1FD8C82627E8E10F005676CA /* Products */;
			projectDirPath = "";
			projectRoot = "";
			targets = (
				1FD8C82427E8E10F005676CA /* WhatToBuy */,
			);
		};
/* End PBXProject section */

/* Begin PBXResourcesBuildPhase section */
		1FD8C82327E8E10F005676CA /* Resources */ = {
			isa = PBXResourcesBuildPhase;
			buildActionMask = 2147483647;
			files = (
				1FD8C83527E8E112005676CA /* LaunchScreen.storyboard in Resources */,
				1FD8C83227E8E112005676CA /* Assets.xcassets in Resources */,
				1F672CBA27EE16AC00E4D6A6 /* productsjs.json in Resources */,
			);
			runOnlyForDeploymentPostprocessing = 0;
		};
/* End PBXResourcesBuildPhase section */

/* Begin PBXSourcesBuildPhase section */
		1FD8C82127E8E10F005676CA /* Sources */ = {
			isa = PBXSourcesBuildPhase;
			buildActionMask = 2147483647;
			files = (
				1F672D5927F4B97800E4D6A6 /* NewListResponse.swift in Sources */,
				1FD8C82D27E8E10F005676CA /* WelcomeViewController.swift in Sources */,
				1F672DAA27F74B5B00E4D6A6 /* EditProductFieldsCell.swift in Sources */,
				1F672D0227EF7AB600E4D6A6 /* AddListViewModel.swift in Sources */,
				1F672D0B27EF986A00E4D6A6 /* WhatToBuyApp.xcdatamodeld in Sources */,
				1F40D9A527F9C292003A6776 /* TotalDeleteListRequest.swift in Sources */,
				1F672DBD27F8980400E4D6A6 /* InviteCellView.swift in Sources */,
				1FD8C82927E8E10F005676CA /* AppDelegate.swift in Sources */,
				1F672D2C27EFB9BD00E4D6A6 /* Product.swift in Sources */,
				1F672D6C27F6035B00E4D6A6 /* TrashViewController.swift in Sources */,
				1F672D2527EFB58C00E4D6A6 /* ProductMO+CoreDataProperties.swift in Sources */,
				1F672CB327EB957B00E4D6A6 /* ProductsViewController.swift in Sources */,
				1F672CDE27EE505100E4D6A6 /* TabBarCoordinator.swift in Sources */,
				1F672D6627F4D98F00E4D6A6 /* RemoveToTrashRequest.swift in Sources */,
				1F672D2427EFB58C00E4D6A6 /* ProductMO+CoreDataClass.swift in Sources */,
				1F672D5E27F4C2A200E4D6A6 /* NewProductRequest.swift in Sources */,
				1F672CB127EB91EC00E4D6A6 /* ListCellView.swift in Sources */,
				1F672CAD27EB7C0900E4D6A6 /* AddListViewController.swift in Sources */,
				1F672DBA27F890B900E4D6A6 /* InviteToListRequest.swift in Sources */,
				1F672DBF27F89C9100E4D6A6 /* InvitesViewModel.swift in Sources */,
				1F672DC227F8B17500E4D6A6 /* InviteReseponse.swift in Sources */,
				1F672D2627EFB58C00E4D6A6 /* ProductListMO+CoreDataClass.swift in Sources */,
				1F672D9727F70BAF00E4D6A6 /* EditListView.swift in Sources */,
				1F672DB427F793EC00E4D6A6 /* ProductRequest.swift in Sources */,
				1F672DB827F7B16F00E4D6A6 /* InvitesViewController.swift in Sources */,
				1F672CD627EE3BB700E4D6A6 /* Coordinator.swift in Sources */,
				1F672CFD27EF77E700E4D6A6 /* ListsViewModel.swift in Sources */,
				1F672CC227EE1B5F00E4D6A6 /* DataProvider.swift in Sources */,
				1F672D1827EFA1F000E4D6A6 /* PickerSelection.swift in Sources */,
				1F672DB027F7920A00E4D6A6 /* ProductRequestBody.swift in Sources */,
				1F672D3827F0C8F200E4D6A6 /* NewProductCellView.swift in Sources */,
				1F672D6027F4C74300E4D6A6 /* NewProductResponse.swift in Sources */,
				1F672D5527F4AECC00E4D6A6 /* FetchListsRequest.swift in Sources */,
				1F672D2A27EFB9AE00E4D6A6 /* ProductResponse.swift in Sources */,
				1F672D1227EF9AC500E4D6A6 /* CoreDataManager.swift in Sources */,
				1F672D5727F4B93800E4D6A6 /* NewListRequest.swift in Sources */,
				1F672DA827F7498600E4D6A6 /* EditProductHeaderCell.swift in Sources */,
				1F672CE927EF346A00E4D6A6 /* SignInViewModel.swift in Sources */,
				1F672DC427F8B18B00E4D6A6 /* Invite.swift in Sources */,
				1F672CD827EE3C1C00E4D6A6 /* MainCoordinator.swift in Sources */,
				1F672CB827EE15B800E4D6A6 /* NewProductsCategoriesViewController.swift in Sources */,
				1F672D6E27F603E500E4D6A6 /* TrashViewModel.swift in Sources */,
				1F672D6427F4CEB800E4D6A6 /* BasicResponse.swift in Sources */,
				1F40D9A727F9EFB0003A6776 /* BoughtUpdateRequest.swift in Sources */,
				1F672CAF27EB863900E4D6A6 /* String+HexToColor.swift in Sources */,
				1F672CED27EF49F600E4D6A6 /* ProductListResponse.swift in Sources */,
				1F672DA427F7257B00E4D6A6 /* EditProductViewController.swift in Sources */,
				1F672D6A27F6031D00E4D6A6 /* TrashCoordinator.swift in Sources */,
				1F672D4427F2051700E4D6A6 /* SignUpDataRequest.swift in Sources */,
				1FD8C84327E8F325005676CA /* UITextField+Paddings.swift in Sources */,
				1F672D4B27F2240D00E4D6A6 /* AuthResponse.swift in Sources */,
				1F672DB227F7923D00E4D6A6 /* UpdateProductRequest.swift in Sources */,
				1F672D0E27EF992700E4D6A6 /* ListIcon.swift in Sources */,
				1F672DAC27F77A5C00E4D6A6 /* EditProductViewModel.swift in Sources */,
				1F672DA027F71CBA00E4D6A6 /* ProductListRequestBody.swift in Sources */,
				1F672CFB27EF777100E4D6A6 /* ListsCoordinator.swift in Sources */,
				1F672D9927F70C4F00E4D6A6 /* EditListViewController.swift in Sources */,
				1F672D0827EF8E6500E4D6A6 /* User.swift in Sources */,
				1F672D2727EFB58C00E4D6A6 /* ProductListMO+CoreDataProperties.swift in Sources */,
				1FD8C84127E8F22D005676CA /* SignInViewController.swift in Sources */,
				1F672D5C27F4C0DB00E4D6A6 /* FetchProductsRequest.swift in Sources */,
				1F672D3F27F0E2B000E4D6A6 /* UIViewController+HidingKeyboard.swift in Sources */,
				1F672CE727EF337600E4D6A6 /* SignUpViewModel.swift in Sources */,
				1F672D6227F4CDC300E4D6A6 /* DeleteProductRequest.swift in Sources */,
				1F672CC627EE1FA100E4D6A6 /* NewProductViewController.swift in Sources */,
				1F672D4927F2218D00E4D6A6 /* SignInDataRequest.swift in Sources */,
				1F672D1027EF993600E4D6A6 /* ListColor.swift in Sources */,
				1F672CBC27EE1A3800E4D6A6 /* ProductsBundle.swift in Sources */,
				1F672D7227F606DE00E4D6A6 /* FetchRemovedListsRequest.swift in Sources */,
				1F672CE427EF2FC700E4D6A6 /* WelcomeViewModel.swift in Sources */,
				1FD8C83D27E8E7B6005676CA /* UIView+AddSubviews.swift in Sources */,
				1F672CEF27EF4BDB00E4D6A6 /* DataRequest.swift in Sources */,
				1F672D4727F21F2400E4D6A6 /* UIViewController+Alert.swift in Sources */,
				1F672DC627F8B1CB00E4D6A6 /* FetchInvites.swift in Sources */,
				1F672D9D27F71B9000E4D6A6 /* UpdateProductListRequest.swift in Sources */,
				1F672CC927EE287100E4D6A6 /* ProductViewCell.swift in Sources */,
				1F672DA627F746B300E4D6A6 /* CaseIterable+FindIndidexByValue.swift in Sources */,
				1F672CB627ECCD6600E4D6A6 /* IconView.swift in Sources */,
				1F40D9A327F9C20F003A6776 /* RestoreFromTrashRequest.swift in Sources */,
				1F672D4E27F22E0B00E4D6A6 /* NewProductCoordinator.swift in Sources */,
				1F672D1627EF9EB600E4D6A6 /* ProductList.swift in Sources */,
				1F672D5027F231BB00E4D6A6 /* Observable.swift in Sources */,
				1F672D0427EF8D7400E4D6A6 /* AuthenticationService.swift in Sources */,
				1F672DCA27F8B8C100E4D6A6 /* AnswerInviteRequest.swift in Sources */,
				1F672D3627F0940500E4D6A6 /* NewProductsCategoriesViewModel.swift in Sources */,
				1F672D9B27F70C9200E4D6A6 /* EditListViewModel.swift in Sources */,
				1FD8C82B27E8E10F005676CA /* SceneDelegate.swift in Sources */,
				1F672D3027F077AA00E4D6A6 /* ProductsViewModel.swift in Sources */,
				1F672D1A27EFA72700E4D6A6 /* ListCellViewModel.swift in Sources */,
				1F672CE027EF251B00E4D6A6 /* TabBarPage.swift in Sources */,
				1F672DC827F8B3C400E4D6A6 /* InviteCellViewModel.swift in Sources */,
				1F672D3A27F0D46500E4D6A6 /* NewProductCellViewModel.swift in Sources */,
				1F672D0627EF8DE400E4D6A6 /* TokenManager.swift in Sources */,
				1F672D6827F4DE6600E4D6A6 /* UIView+Spinner.swift in Sources */,
				1FD8C84927E8F6D2005676CA /* UITableView+EmptyTitle.swift in Sources */,
				1FD8C83F27E8EDAF005676CA /* SignUpViewController.swift in Sources */,
				1FD8C84727E8F564005676CA /* ListsViewController.swift in Sources */,
				1F672CF127EF4C2F00E4D6A6 /* NetworkService.swift in Sources */,
				1F672D3227F08DFF00E4D6A6 /* NewProductViewModel.swift in Sources */,
				1F672DAE27F77F0100E4D6A6 /* EditProductCellViewModel.swift in Sources */,
				1F672CDC27EE504800E4D6A6 /* AuthCoordinator.swift in Sources */,
				1F672CC427EE1BDA00E4D6A6 /* BundleContentLoader.swift in Sources */,
				1F672D5227F23EA900E4D6A6 /* ProductCellViewModel.swift in Sources */,
			);
			runOnlyForDeploymentPostprocessing = 0;
		};
/* End PBXSourcesBuildPhase section */

/* Begin PBXVariantGroup section */
		1FD8C83327E8E112005676CA /* LaunchScreen.storyboard */ = {
			isa = PBXVariantGroup;
			children = (
				1FD8C83427E8E112005676CA /* Base */,
			);
			name = LaunchScreen.storyboard;
			sourceTree = "<group>";
		};
/* End PBXVariantGroup section */

/* Begin XCBuildConfiguration section */
		1FD8C83727E8E112005676CA /* Debug */ = {
			isa = XCBuildConfiguration;
			baseConfigurationReference = 1F672D4527F208BB00E4D6A6 /* Security.xcconfig */;
			buildSettings = {
				ALWAYS_SEARCH_USER_PATHS = NO;
				CLANG_ANALYZER_NONNULL = YES;
				CLANG_ANALYZER_NUMBER_OBJECT_CONVERSION = YES_AGGRESSIVE;
				CLANG_CXX_LANGUAGE_STANDARD = "gnu++17";
				CLANG_ENABLE_MODULES = YES;
				CLANG_ENABLE_OBJC_ARC = YES;
				CLANG_ENABLE_OBJC_WEAK = YES;
				CLANG_WARN_BLOCK_CAPTURE_AUTORELEASING = YES;
				CLANG_WARN_BOOL_CONVERSION = YES;
				CLANG_WARN_COMMA = YES;
				CLANG_WARN_CONSTANT_CONVERSION = YES;
				CLANG_WARN_DEPRECATED_OBJC_IMPLEMENTATIONS = YES;
				CLANG_WARN_DIRECT_OBJC_ISA_USAGE = YES_ERROR;
				CLANG_WARN_DOCUMENTATION_COMMENTS = YES;
				CLANG_WARN_EMPTY_BODY = YES;
				CLANG_WARN_ENUM_CONVERSION = YES;
				CLANG_WARN_INFINITE_RECURSION = YES;
				CLANG_WARN_INT_CONVERSION = YES;
				CLANG_WARN_NON_LITERAL_NULL_CONVERSION = YES;
				CLANG_WARN_OBJC_IMPLICIT_RETAIN_SELF = YES;
				CLANG_WARN_OBJC_LITERAL_CONVERSION = YES;
				CLANG_WARN_OBJC_ROOT_CLASS = YES_ERROR;
				CLANG_WARN_QUOTED_INCLUDE_IN_FRAMEWORK_HEADER = YES;
				CLANG_WARN_RANGE_LOOP_ANALYSIS = YES;
				CLANG_WARN_STRICT_PROTOTYPES = YES;
				CLANG_WARN_SUSPICIOUS_MOVE = YES;
				CLANG_WARN_UNGUARDED_AVAILABILITY = YES_AGGRESSIVE;
				CLANG_WARN_UNREACHABLE_CODE = YES;
				CLANG_WARN__DUPLICATE_METHOD_MATCH = YES;
				COPY_PHASE_STRIP = NO;
				DEBUG_INFORMATION_FORMAT = dwarf;
				ENABLE_STRICT_OBJC_MSGSEND = YES;
				ENABLE_TESTABILITY = YES;
				GCC_C_LANGUAGE_STANDARD = gnu11;
				GCC_DYNAMIC_NO_PIC = NO;
				GCC_NO_COMMON_BLOCKS = YES;
				GCC_OPTIMIZATION_LEVEL = 0;
				GCC_PREPROCESSOR_DEFINITIONS = (
					"DEBUG=1",
					"$(inherited)",
				);
				GCC_WARN_64_TO_32_BIT_CONVERSION = YES;
				GCC_WARN_ABOUT_RETURN_TYPE = YES_ERROR;
				GCC_WARN_UNDECLARED_SELECTOR = YES;
				GCC_WARN_UNINITIALIZED_AUTOS = YES_AGGRESSIVE;
				GCC_WARN_UNUSED_FUNCTION = YES;
				GCC_WARN_UNUSED_VARIABLE = YES;
				IPHONEOS_DEPLOYMENT_TARGET = 15.4;
				MTL_ENABLE_DEBUG_INFO = INCLUDE_SOURCE;
				MTL_FAST_MATH = YES;
				ONLY_ACTIVE_ARCH = YES;
				SDKROOT = iphoneos;
				SWIFT_ACTIVE_COMPILATION_CONDITIONS = DEBUG;
				SWIFT_OPTIMIZATION_LEVEL = "-Onone";
			};
			name = Debug;
		};
		1FD8C83827E8E112005676CA /* Release */ = {
			isa = XCBuildConfiguration;
			baseConfigurationReference = 1F672D4527F208BB00E4D6A6 /* Security.xcconfig */;
			buildSettings = {
				ALWAYS_SEARCH_USER_PATHS = NO;
				CLANG_ANALYZER_NONNULL = YES;
				CLANG_ANALYZER_NUMBER_OBJECT_CONVERSION = YES_AGGRESSIVE;
				CLANG_CXX_LANGUAGE_STANDARD = "gnu++17";
				CLANG_ENABLE_MODULES = YES;
				CLANG_ENABLE_OBJC_ARC = YES;
				CLANG_ENABLE_OBJC_WEAK = YES;
				CLANG_WARN_BLOCK_CAPTURE_AUTORELEASING = YES;
				CLANG_WARN_BOOL_CONVERSION = YES;
				CLANG_WARN_COMMA = YES;
				CLANG_WARN_CONSTANT_CONVERSION = YES;
				CLANG_WARN_DEPRECATED_OBJC_IMPLEMENTATIONS = YES;
				CLANG_WARN_DIRECT_OBJC_ISA_USAGE = YES_ERROR;
				CLANG_WARN_DOCUMENTATION_COMMENTS = YES;
				CLANG_WARN_EMPTY_BODY = YES;
				CLANG_WARN_ENUM_CONVERSION = YES;
				CLANG_WARN_INFINITE_RECURSION = YES;
				CLANG_WARN_INT_CONVERSION = YES;
				CLANG_WARN_NON_LITERAL_NULL_CONVERSION = YES;
				CLANG_WARN_OBJC_IMPLICIT_RETAIN_SELF = YES;
				CLANG_WARN_OBJC_LITERAL_CONVERSION = YES;
				CLANG_WARN_OBJC_ROOT_CLASS = YES_ERROR;
				CLANG_WARN_QUOTED_INCLUDE_IN_FRAMEWORK_HEADER = YES;
				CLANG_WARN_RANGE_LOOP_ANALYSIS = YES;
				CLANG_WARN_STRICT_PROTOTYPES = YES;
				CLANG_WARN_SUSPICIOUS_MOVE = YES;
				CLANG_WARN_UNGUARDED_AVAILABILITY = YES_AGGRESSIVE;
				CLANG_WARN_UNREACHABLE_CODE = YES;
				CLANG_WARN__DUPLICATE_METHOD_MATCH = YES;
				COPY_PHASE_STRIP = NO;
				DEBUG_INFORMATION_FORMAT = "dwarf-with-dsym";
				ENABLE_NS_ASSERTIONS = NO;
				ENABLE_STRICT_OBJC_MSGSEND = YES;
				GCC_C_LANGUAGE_STANDARD = gnu11;
				GCC_NO_COMMON_BLOCKS = YES;
				GCC_WARN_64_TO_32_BIT_CONVERSION = YES;
				GCC_WARN_ABOUT_RETURN_TYPE = YES_ERROR;
				GCC_WARN_UNDECLARED_SELECTOR = YES;
				GCC_WARN_UNINITIALIZED_AUTOS = YES_AGGRESSIVE;
				GCC_WARN_UNUSED_FUNCTION = YES;
				GCC_WARN_UNUSED_VARIABLE = YES;
				IPHONEOS_DEPLOYMENT_TARGET = 15.4;
				MTL_ENABLE_DEBUG_INFO = NO;
				MTL_FAST_MATH = YES;
				SDKROOT = iphoneos;
				SWIFT_COMPILATION_MODE = wholemodule;
				SWIFT_OPTIMIZATION_LEVEL = "-O";
				VALIDATE_PRODUCT = YES;
			};
			name = Release;
		};
		1FD8C83A27E8E112005676CA /* Debug */ = {
			isa = XCBuildConfiguration;
			buildSettings = {
				ASSETCATALOG_COMPILER_APPICON_NAME = AppIcon;
				ASSETCATALOG_COMPILER_GLOBAL_ACCENT_COLOR_NAME = AccentColor;
				CODE_SIGN_STYLE = Automatic;
				CURRENT_PROJECT_VERSION = 1;
				DEVELOPMENT_TEAM = 4QGJXZJYCH;
				GENERATE_INFOPLIST_FILE = YES;
				INFOPLIST_FILE = WhatToBuy/Info.plist;
				INFOPLIST_KEY_UIApplicationSupportsIndirectInputEvents = YES;
				INFOPLIST_KEY_UILaunchStoryboardName = LaunchScreen;
				INFOPLIST_KEY_UISupportedInterfaceOrientations = "";
				INFOPLIST_KEY_UISupportedInterfaceOrientations_iPad = "UIInterfaceOrientationPortrait UIInterfaceOrientationPortraitUpsideDown UIInterfaceOrientationLandscapeLeft UIInterfaceOrientationLandscapeRight";
				INFOPLIST_KEY_UISupportedInterfaceOrientations_iPhone = "UIInterfaceOrientationPortrait UIInterfaceOrientationLandscapeLeft UIInterfaceOrientationLandscapeRight";
				LD_RUNPATH_SEARCH_PATHS = (
					"$(inherited)",
					"@executable_path/Frameworks",
				);
				MARKETING_VERSION = 1.0;
				PRODUCT_BUNDLE_IDENTIFIER = OS.WhatToBuy;
				PRODUCT_NAME = "$(TARGET_NAME)";
				SWIFT_EMIT_LOC_STRINGS = YES;
				SWIFT_VERSION = 5.0;
				TARGETED_DEVICE_FAMILY = 1;
			};
			name = Debug;
		};
		1FD8C83B27E8E112005676CA /* Release */ = {
			isa = XCBuildConfiguration;
			buildSettings = {
				ASSETCATALOG_COMPILER_APPICON_NAME = AppIcon;
				ASSETCATALOG_COMPILER_GLOBAL_ACCENT_COLOR_NAME = AccentColor;
				CODE_SIGN_STYLE = Automatic;
				CURRENT_PROJECT_VERSION = 1;
				DEVELOPMENT_TEAM = 4QGJXZJYCH;
				GENERATE_INFOPLIST_FILE = YES;
				INFOPLIST_FILE = WhatToBuy/Info.plist;
				INFOPLIST_KEY_UIApplicationSupportsIndirectInputEvents = YES;
				INFOPLIST_KEY_UILaunchStoryboardName = LaunchScreen;
				INFOPLIST_KEY_UISupportedInterfaceOrientations = "";
				INFOPLIST_KEY_UISupportedInterfaceOrientations_iPad = "UIInterfaceOrientationPortrait UIInterfaceOrientationPortraitUpsideDown UIInterfaceOrientationLandscapeLeft UIInterfaceOrientationLandscapeRight";
				INFOPLIST_KEY_UISupportedInterfaceOrientations_iPhone = "UIInterfaceOrientationPortrait UIInterfaceOrientationLandscapeLeft UIInterfaceOrientationLandscapeRight";
				LD_RUNPATH_SEARCH_PATHS = (
					"$(inherited)",
					"@executable_path/Frameworks",
				);
				MARKETING_VERSION = 1.0;
				PRODUCT_BUNDLE_IDENTIFIER = OS.WhatToBuy;
				PRODUCT_NAME = "$(TARGET_NAME)";
				SWIFT_EMIT_LOC_STRINGS = YES;
				SWIFT_VERSION = 5.0;
				TARGETED_DEVICE_FAMILY = 1;
			};
			name = Release;
		};
/* End XCBuildConfiguration section */

/* Begin XCConfigurationList section */
		1FD8C82027E8E10F005676CA /* Build configuration list for PBXProject "WhatToBuy" */ = {
			isa = XCConfigurationList;
			buildConfigurations = (
				1FD8C83727E8E112005676CA /* Debug */,
				1FD8C83827E8E112005676CA /* Release */,
			);
			defaultConfigurationIsVisible = 0;
			defaultConfigurationName = Release;
		};
		1FD8C83927E8E112005676CA /* Build configuration list for PBXNativeTarget "WhatToBuy" */ = {
			isa = XCConfigurationList;
			buildConfigurations = (
				1FD8C83A27E8E112005676CA /* Debug */,
				1FD8C83B27E8E112005676CA /* Release */,
			);
			defaultConfigurationIsVisible = 0;
			defaultConfigurationName = Release;
		};
/* End XCConfigurationList section */

/* Begin XCVersionGroup section */
		1F672D0927EF986A00E4D6A6 /* WhatToBuyApp.xcdatamodeld */ = {
			isa = XCVersionGroup;
			children = (
				1F672D0A27EF986A00E4D6A6 /* WhatToBuyApp.xcdatamodel */,
			);
			currentVersion = 1F672D0A27EF986A00E4D6A6 /* WhatToBuyApp.xcdatamodel */;
			path = WhatToBuyApp.xcdatamodeld;
			sourceTree = "<group>";
			versionGroupType = wrapper.xcdatamodel;
		};
/* End XCVersionGroup section */
	};
	rootObject = 1FD8C81D27E8E10F005676CA /* Project object */;
}
